{
  "name": "ion-books",
  "version": "0.0.1",
  "lockfileVersion": 1,
  "requires": true,
  "dependencies": {
    "cordova-plugin-nativestorage": {
      "version": "2.3.1",
      "resolved": "https://registry.npmjs.org/cordova-plugin-nativestorage/-/cordova-plugin-nativestorage-2.3.1.tgz",
      "integrity": "sha512-kzNrnnHKAjOpLJh27aJKvdn+VH/WQkAFZsW7OlNAkYLoL+1dICA7vsEX7YZqliJ0LIiKk6NXxSHgHjRUtVXS6Q=="
    }
  }
}
